
Microsoft Visual Studio Solution File, Format Version 12.00
# Visual Studio 14
VisualStudioVersion = 14.0.25420.1
MinimumVisualStudioVersion = 10.0.40219.1
Project("{2150E333-8FDC-42A3-9474-1A3956D46DE8}") = "src", "src", "{4860E453-E56B-4BED-BA8A-DDFA89A19B0D}"
EndProject
Project("{2150E333-8FDC-42A3-9474-1A3956D46DE8}") = "Solution Items", "Solution Items", "{3891EBEC-9FFC-45C2-A970-6D39415969BE}"
	ProjectSection(SolutionItems) = preProject
		global.json = global.json
		LICENCE.md = LICENCE.md
		README.md = README.md
	EndProjectSection
EndProject
Project("{8BB2217D-0F2D-49D1-97BC-3654ED321F3B}") = "Thinktecture.IO.FileSystem.Abstractions", "src\Thinktecture.IO.FileSystem.Abstractions\Thinktecture.IO.FileSystem.Abstractions.xproj", "{D8B5876B-CFDB-47D4-A1DE-01E715D10871}"
EndProject
Project("{8BB2217D-0F2D-49D1-97BC-3654ED321F3B}") = "Thinktecture.IO.Abstractions", "src\Thinktecture.IO.Abstractions\Thinktecture.IO.Abstractions.xproj", "{02401651-C48A-4DEC-86E5-869C44D50FB6}"
EndProject
Project("{8BB2217D-0F2D-49D1-97BC-3654ED321F3B}") = "Thinktecture.Runtime.Handles.Abstractions", "src\Thinktecture.Runtime.Handles.Abstractions\Thinktecture.Runtime.Handles.Abstractions.xproj", "{52D30479-DFFE-4F95-A124-351BB07A78AA}"
EndProject
Project("{8BB2217D-0F2D-49D1-97BC-3654ED321F3B}") = "Thinktecture.Runtime.Extensions.Abstractions", "src\Thinktecture.Runtime.Extensions.Abstractions\Thinktecture.Runtime.Extensions.Abstractions.xproj", "{8DA9B6E6-A52C-4C3F-BD70-66543DC28711}"
EndProject
Project("{8BB2217D-0F2D-49D1-97BC-3654ED321F3B}") = "Thinktecture.Text.Encoding.Abstractions", "src\Thinktecture.Text.Encoding.Abstractions\Thinktecture.Text.Encoding.Abstractions.xproj", "{7CAFD962-AA27-46D6-BAB3-FCCE4C213E57}"
EndProject
Project("{8BB2217D-0F2D-49D1-97BC-3654ED321F3B}") = "Thinktecture.Runtime.Abstractions", "src\Thinktecture.Runtime.Abstractions\Thinktecture.Runtime.Abstractions.xproj", "{827067F0-AC71-480D-8BA6-CC327F6C7DAB}"
EndProject
Project("{8BB2217D-0F2D-49D1-97BC-3654ED321F3B}") = "Thinktecture.IO.FileSystem.Watcher.Abstractions", "src\Thinktecture.IO.FileSystem.Watcher.Abstractions\Thinktecture.IO.FileSystem.Watcher.Abstractions.xproj", "{2B0561FC-4688-4F8E-8A67-EE32251582A7}"
EndProject
Project("{2150E333-8FDC-42A3-9474-1A3956D46DE8}") = "doc", "doc", "{C37A280D-0672-43EB-AA82-A7837C67FD0A}"
	ProjectSection(SolutionItems) = preProject
		doc\ReadingFiles.md = doc\ReadingFiles.md
	EndProjectSection
EndProject
Project("{2150E333-8FDC-42A3-9474-1A3956D46DE8}") = "example", "example", "{F2F0BF55-C0C6-4325-98EB-CEC4E4A5EBC6}"
EndProject
Project("{8BB2217D-0F2D-49D1-97BC-3654ED321F3B}") = "Thinktecture.IO.FileSystem.Examples", "example\Thinktecture.IO.FileSystem.Examples\Thinktecture.IO.FileSystem.Examples.xproj", "{D7BECCD3-E9EC-429D-9959-422B73646720}"
EndProject
Project("{2150E333-8FDC-42A3-9474-1A3956D46DE8}") = "test", "test", "{C095C061-B87D-4C07-93E7-8CA0217ED68F}"
EndProject
Project("{8BB2217D-0F2D-49D1-97BC-3654ED321F3B}") = "Thinktecture.Abstractions.Tests", "test\Thinktecture.Abstractions.Tests\Thinktecture.Abstractions.Tests.xproj", "{4D46A696-6618-476E-B80D-463F22264BA3}"
EndProject
Project("{8BB2217D-0F2D-49D1-97BC-3654ED321F3B}") = "Thinktecture.Abstractions", "src\Thinktecture.Abstractions\Thinktecture.Abstractions.xproj", "{1CC7051D-6754-4A47-A334-ACF015F5B4C9}"
EndProject
Project("{8BB2217D-0F2D-49D1-97BC-3654ED321F3B}") = "Thinktecture.Net.Http.Abstractions", "src\Thinktecture.Net.Http.Abstractions\Thinktecture.Net.Http.Abstractions.xproj", "{35DA5ACA-3A2D-4792-85BB-B61EEC6CA0A2}"
EndProject
Project("{8BB2217D-0F2D-49D1-97BC-3654ED321F3B}") = "Thinktecture.Net.Primitives.Abstractions", "src\Thinktecture.Net.Primitives.Abstractions\Thinktecture.Net.Primitives.Abstractions.xproj", "{751EE0A0-51FF-4D8E-86D8-F223904E814F}"
EndProject
Project("{8BB2217D-0F2D-49D1-97BC-3654ED321F3B}") = "Thinktecture.Net.Sockets.Abstractions", "src\Thinktecture.Net.Sockets.Abstractions\Thinktecture.Net.Sockets.Abstractions.xproj", "{A7907887-601D-4B1D-9484-099F39C0FCEB}"
EndProject
Project("{8BB2217D-0F2D-49D1-97BC-3654ED321F3B}") = "Thinktecture.Net.NetworkInformation.Abstractions", "src\Thinktecture.Net.NetworkInformation.Abstractions\Thinktecture.Net.NetworkInformation.Abstractions.xproj", "{F927011A-CED0-4E14-82B5-789BEB1A044F}"
EndProject
Global
	GlobalSection(SolutionConfigurationPlatforms) = preSolution
		Debug|Any CPU = Debug|Any CPU
		Release|Any CPU = Release|Any CPU
	EndGlobalSection
	GlobalSection(ProjectConfigurationPlatforms) = postSolution
		{D8B5876B-CFDB-47D4-A1DE-01E715D10871}.Debug|Any CPU.ActiveCfg = Debug|Any CPU
		{D8B5876B-CFDB-47D4-A1DE-01E715D10871}.Debug|Any CPU.Build.0 = Debug|Any CPU
		{D8B5876B-CFDB-47D4-A1DE-01E715D10871}.Release|Any CPU.ActiveCfg = Release|Any CPU
		{D8B5876B-CFDB-47D4-A1DE-01E715D10871}.Release|Any CPU.Build.0 = Release|Any CPU
		{02401651-C48A-4DEC-86E5-869C44D50FB6}.Debug|Any CPU.ActiveCfg = Debug|Any CPU
		{02401651-C48A-4DEC-86E5-869C44D50FB6}.Debug|Any CPU.Build.0 = Debug|Any CPU
		{02401651-C48A-4DEC-86E5-869C44D50FB6}.Release|Any CPU.ActiveCfg = Release|Any CPU
		{02401651-C48A-4DEC-86E5-869C44D50FB6}.Release|Any CPU.Build.0 = Release|Any CPU
		{52D30479-DFFE-4F95-A124-351BB07A78AA}.Debug|Any CPU.ActiveCfg = Debug|Any CPU
		{52D30479-DFFE-4F95-A124-351BB07A78AA}.Debug|Any CPU.Build.0 = Debug|Any CPU
		{52D30479-DFFE-4F95-A124-351BB07A78AA}.Release|Any CPU.ActiveCfg = Release|Any CPU
		{52D30479-DFFE-4F95-A124-351BB07A78AA}.Release|Any CPU.Build.0 = Release|Any CPU
		{8DA9B6E6-A52C-4C3F-BD70-66543DC28711}.Debug|Any CPU.ActiveCfg = Debug|Any CPU
		{8DA9B6E6-A52C-4C3F-BD70-66543DC28711}.Debug|Any CPU.Build.0 = Debug|Any CPU
		{8DA9B6E6-A52C-4C3F-BD70-66543DC28711}.Release|Any CPU.ActiveCfg = Release|Any CPU
		{8DA9B6E6-A52C-4C3F-BD70-66543DC28711}.Release|Any CPU.Build.0 = Release|Any CPU
		{7CAFD962-AA27-46D6-BAB3-FCCE4C213E57}.Debug|Any CPU.ActiveCfg = Debug|Any CPU
		{7CAFD962-AA27-46D6-BAB3-FCCE4C213E57}.Debug|Any CPU.Build.0 = Debug|Any CPU
		{7CAFD962-AA27-46D6-BAB3-FCCE4C213E57}.Release|Any CPU.ActiveCfg = Release|Any CPU
		{7CAFD962-AA27-46D6-BAB3-FCCE4C213E57}.Release|Any CPU.Build.0 = Release|Any CPU
		{827067F0-AC71-480D-8BA6-CC327F6C7DAB}.Debug|Any CPU.ActiveCfg = Debug|Any CPU
		{827067F0-AC71-480D-8BA6-CC327F6C7DAB}.Debug|Any CPU.Build.0 = Debug|Any CPU
		{827067F0-AC71-480D-8BA6-CC327F6C7DAB}.Release|Any CPU.ActiveCfg = Release|Any CPU
		{827067F0-AC71-480D-8BA6-CC327F6C7DAB}.Release|Any CPU.Build.0 = Release|Any CPU
		{2B0561FC-4688-4F8E-8A67-EE32251582A7}.Debug|Any CPU.ActiveCfg = Debug|Any CPU
		{2B0561FC-4688-4F8E-8A67-EE32251582A7}.Debug|Any CPU.Build.0 = Debug|Any CPU
		{2B0561FC-4688-4F8E-8A67-EE32251582A7}.Release|Any CPU.ActiveCfg = Release|Any CPU
		{2B0561FC-4688-4F8E-8A67-EE32251582A7}.Release|Any CPU.Build.0 = Release|Any CPU
		{D7BECCD3-E9EC-429D-9959-422B73646720}.Debug|Any CPU.ActiveCfg = Debug|Any CPU
		{D7BECCD3-E9EC-429D-9959-422B73646720}.Debug|Any CPU.Build.0 = Debug|Any CPU
		{D7BECCD3-E9EC-429D-9959-422B73646720}.Release|Any CPU.ActiveCfg = Release|Any CPU
		{D7BECCD3-E9EC-429D-9959-422B73646720}.Release|Any CPU.Build.0 = Release|Any CPU
		{4D46A696-6618-476E-B80D-463F22264BA3}.Debug|Any CPU.ActiveCfg = Debug|Any CPU
		{4D46A696-6618-476E-B80D-463F22264BA3}.Debug|Any CPU.Build.0 = Debug|Any CPU
		{4D46A696-6618-476E-B80D-463F22264BA3}.Release|Any CPU.ActiveCfg = Release|Any CPU
		{4D46A696-6618-476E-B80D-463F22264BA3}.Release|Any CPU.Build.0 = Release|Any CPU
		{1CC7051D-6754-4A47-A334-ACF015F5B4C9}.Debug|Any CPU.ActiveCfg = Debug|Any CPU
		{1CC7051D-6754-4A47-A334-ACF015F5B4C9}.Debug|Any CPU.Build.0 = Debug|Any CPU
		{1CC7051D-6754-4A47-A334-ACF015F5B4C9}.Release|Any CPU.ActiveCfg = Release|Any CPU
		{1CC7051D-6754-4A47-A334-ACF015F5B4C9}.Release|Any CPU.Build.0 = Release|Any CPU
		{35DA5ACA-3A2D-4792-85BB-B61EEC6CA0A2}.Debug|Any CPU.ActiveCfg = Debug|Any CPU
		{35DA5ACA-3A2D-4792-85BB-B61EEC6CA0A2}.Debug|Any CPU.Build.0 = Debug|Any CPU
		{35DA5ACA-3A2D-4792-85BB-B61EEC6CA0A2}.Release|Any CPU.ActiveCfg = Release|Any CPU
		{35DA5ACA-3A2D-4792-85BB-B61EEC6CA0A2}.Release|Any CPU.Build.0 = Release|Any CPU
		{751EE0A0-51FF-4D8E-86D8-F223904E814F}.Debug|Any CPU.ActiveCfg = Debug|Any CPU
		{751EE0A0-51FF-4D8E-86D8-F223904E814F}.Debug|Any CPU.Build.0 = Debug|Any CPU
		{751EE0A0-51FF-4D8E-86D8-F223904E814F}.Release|Any CPU.ActiveCfg = Release|Any CPU
		{751EE0A0-51FF-4D8E-86D8-F223904E814F}.Release|Any CPU.Build.0 = Release|Any CPU
		{A7907887-601D-4B1D-9484-099F39C0FCEB}.Debug|Any CPU.ActiveCfg = Debug|Any CPU
		{A7907887-601D-4B1D-9484-099F39C0FCEB}.Debug|Any CPU.Build.0 = Debug|Any CPU
		{A7907887-601D-4B1D-9484-099F39C0FCEB}.Release|Any CPU.ActiveCfg = Release|Any CPU
		{A7907887-601D-4B1D-9484-099F39C0FCEB}.Release|Any CPU.Build.0 = Release|Any CPU
		{F927011A-CED0-4E14-82B5-789BEB1A044F}.Debug|Any CPU.ActiveCfg = Debug|Any CPU
		{F927011A-CED0-4E14-82B5-789BEB1A044F}.Debug|Any CPU.Build.0 = Debug|Any CPU
		{F927011A-CED0-4E14-82B5-789BEB1A044F}.Release|Any CPU.ActiveCfg = Release|Any CPU
		{F927011A-CED0-4E14-82B5-789BEB1A044F}.Release|Any CPU.Build.0 = Release|Any CPU
	EndGlobalSection
	GlobalSection(SolutionProperties) = preSolution
		HideSolutionNode = FALSE
	EndGlobalSection
	GlobalSection(NestedProjects) = preSolution
		{D8B5876B-CFDB-47D4-A1DE-01E715D10871} = {4860E453-E56B-4BED-BA8A-DDFA89A19B0D}
		{02401651-C48A-4DEC-86E5-869C44D50FB6} = {4860E453-E56B-4BED-BA8A-DDFA89A19B0D}
		{52D30479-DFFE-4F95-A124-351BB07A78AA} = {4860E453-E56B-4BED-BA8A-DDFA89A19B0D}
		{8DA9B6E6-A52C-4C3F-BD70-66543DC28711} = {4860E453-E56B-4BED-BA8A-DDFA89A19B0D}
		{7CAFD962-AA27-46D6-BAB3-FCCE4C213E57} = {4860E453-E56B-4BED-BA8A-DDFA89A19B0D}
		{827067F0-AC71-480D-8BA6-CC327F6C7DAB} = {4860E453-E56B-4BED-BA8A-DDFA89A19B0D}
		{2B0561FC-4688-4F8E-8A67-EE32251582A7} = {4860E453-E56B-4BED-BA8A-DDFA89A19B0D}
		{D7BECCD3-E9EC-429D-9959-422B73646720} = {F2F0BF55-C0C6-4325-98EB-CEC4E4A5EBC6}
		{4D46A696-6618-476E-B80D-463F22264BA3} = {C095C061-B87D-4C07-93E7-8CA0217ED68F}
		{1CC7051D-6754-4A47-A334-ACF015F5B4C9} = {4860E453-E56B-4BED-BA8A-DDFA89A19B0D}
		{35DA5ACA-3A2D-4792-85BB-B61EEC6CA0A2} = {4860E453-E56B-4BED-BA8A-DDFA89A19B0D}
		{751EE0A0-51FF-4D8E-86D8-F223904E814F} = {4860E453-E56B-4BED-BA8A-DDFA89A19B0D}
		{A7907887-601D-4B1D-9484-099F39C0FCEB} = {4860E453-E56B-4BED-BA8A-DDFA89A19B0D}
		{F927011A-CED0-4E14-82B5-789BEB1A044F} = {4860E453-E56B-4BED-BA8A-DDFA89A19B0D}
	EndGlobalSection
EndGlobal
