
Microsoft Visual Studio Solution File, Format Version 12.00
# Visual Studio 15
VisualStudioVersion = 15.0.26730.12
MinimumVisualStudioVersion = 10.0.40219.1
Project("{2150E333-8FDC-42A3-9474-1A3956D46DE8}") = "src", "src", "{4860E453-E56B-4BED-BA8A-DDFA89A19B0D}"
EndProject
Project("{2150E333-8FDC-42A3-9474-1A3956D46DE8}") = "doc", "doc", "{C37A280D-0672-43EB-AA82-A7837C67FD0A}"
	ProjectSection(SolutionItems) = preProject
		LICENCE.md = LICENCE.md
		doc\ReadingFiles.md = doc\ReadingFiles.md
		README.md = README.md
	EndProjectSection
EndProject
Project("{2150E333-8FDC-42A3-9474-1A3956D46DE8}") = "example", "example", "{F2F0BF55-C0C6-4325-98EB-CEC4E4A5EBC6}"
EndProject
Project("{2150E333-8FDC-42A3-9474-1A3956D46DE8}") = "test", "test", "{C095C061-B87D-4C07-93E7-8CA0217ED68F}"
EndProject
Project("{9A19103F-16F7-4668-BE54-9A1E7A4F7556}") = "Thinktecture.IO.FileSystem.Abstractions", "src\Thinktecture.IO.FileSystem.Abstractions\Thinktecture.IO.FileSystem.Abstractions.csproj", "{D8B5876B-CFDB-47D4-A1DE-01E715D10871}"
EndProject
Project("{9A19103F-16F7-4668-BE54-9A1E7A4F7556}") = "Thinktecture.IO.Abstractions", "src\Thinktecture.IO.Abstractions\Thinktecture.IO.Abstractions.csproj", "{02401651-C48A-4DEC-86E5-869C44D50FB6}"
EndProject
Project("{9A19103F-16F7-4668-BE54-9A1E7A4F7556}") = "Thinktecture.Runtime.Handles.Abstractions", "src\Thinktecture.Runtime.Handles.Abstractions\Thinktecture.Runtime.Handles.Abstractions.csproj", "{52D30479-DFFE-4F95-A124-351BB07A78AA}"
EndProject
Project("{9A19103F-16F7-4668-BE54-9A1E7A4F7556}") = "Thinktecture.Runtime.Extensions.Abstractions", "src\Thinktecture.Runtime.Extensions.Abstractions\Thinktecture.Runtime.Extensions.Abstractions.csproj", "{8DA9B6E6-A52C-4C3F-BD70-66543DC28711}"
EndProject
Project("{9A19103F-16F7-4668-BE54-9A1E7A4F7556}") = "Thinktecture.Text.Encoding.Abstractions", "src\Thinktecture.Text.Encoding.Abstractions\Thinktecture.Text.Encoding.Abstractions.csproj", "{7CAFD962-AA27-46D6-BAB3-FCCE4C213E57}"
EndProject
Project("{9A19103F-16F7-4668-BE54-9A1E7A4F7556}") = "Thinktecture.Runtime.Abstractions", "src\Thinktecture.Runtime.Abstractions\Thinktecture.Runtime.Abstractions.csproj", "{827067F0-AC71-480D-8BA6-CC327F6C7DAB}"
EndProject
Project("{9A19103F-16F7-4668-BE54-9A1E7A4F7556}") = "Thinktecture.IO.FileSystem.Watcher.Abstractions", "src\Thinktecture.IO.FileSystem.Watcher.Abstractions\Thinktecture.IO.FileSystem.Watcher.Abstractions.csproj", "{2B0561FC-4688-4F8E-8A67-EE32251582A7}"
EndProject
Project("{9A19103F-16F7-4668-BE54-9A1E7A4F7556}") = "Thinktecture.IO.FileSystem.Examples", "example\Thinktecture.IO.FileSystem.Examples\Thinktecture.IO.FileSystem.Examples.csproj", "{D7BECCD3-E9EC-429D-9959-422B73646720}"
EndProject
Project("{9A19103F-16F7-4668-BE54-9A1E7A4F7556}") = "Thinktecture.Abstractions.Tests", "test\Thinktecture.Abstractions.Tests\Thinktecture.Abstractions.Tests.csproj", "{4D46A696-6618-476E-B80D-463F22264BA3}"
EndProject
Project("{9A19103F-16F7-4668-BE54-9A1E7A4F7556}") = "Thinktecture.Abstractions", "src\Thinktecture.Abstractions\Thinktecture.Abstractions.csproj", "{1CC7051D-6754-4A47-A334-ACF015F5B4C9}"
EndProject
Project("{9A19103F-16F7-4668-BE54-9A1E7A4F7556}") = "Thinktecture.Net.Http.Abstractions", "src\Thinktecture.Net.Http.Abstractions\Thinktecture.Net.Http.Abstractions.csproj", "{35DA5ACA-3A2D-4792-85BB-B61EEC6CA0A2}"
EndProject
Project("{9A19103F-16F7-4668-BE54-9A1E7A4F7556}") = "Thinktecture.Net.Primitives.Abstractions", "src\Thinktecture.Net.Primitives.Abstractions\Thinktecture.Net.Primitives.Abstractions.csproj", "{751EE0A0-51FF-4D8E-86D8-F223904E814F}"
EndProject
Project("{9A19103F-16F7-4668-BE54-9A1E7A4F7556}") = "Thinktecture.Net.Sockets.Abstractions", "src\Thinktecture.Net.Sockets.Abstractions\Thinktecture.Net.Sockets.Abstractions.csproj", "{A7907887-601D-4B1D-9484-099F39C0FCEB}"
EndProject
Project("{9A19103F-16F7-4668-BE54-9A1E7A4F7556}") = "Thinktecture.Net.NetworkInformation.Abstractions", "src\Thinktecture.Net.NetworkInformation.Abstractions\Thinktecture.Net.NetworkInformation.Abstractions.csproj", "{F927011A-CED0-4E14-82B5-789BEB1A044F}"
EndProject
Project("{FAE04EC0-301F-11D3-BF4B-00C04F79EFBC}") = "Thinktecture.Abstractions.Wpf.Example", "example\Thinktecture.Abstractions.Wpf.Example\Thinktecture.Abstractions.Wpf.Example.csproj", "{0A81E014-DC74-43B5-9D59-7AADFA25E628}"
EndProject
Project("{9A19103F-16F7-4668-BE54-9A1E7A4F7556}") = "Thinktecture.Threading.Tasks.Examples", "example\Thinktecture.Threading.Tasks.Examples\Thinktecture.Threading.Tasks.Examples.csproj", "{DED0DF5D-025D-42C6-BA1F-2FAD7A3C4D18}"
EndProject
Project("{9A19103F-16F7-4668-BE54-9A1E7A4F7556}") = "Thinktecture.Threading.Tasks.Abstractions", "src\Thinktecture.Threading.Tasks.Abstractions\Thinktecture.Threading.Tasks.Abstractions.csproj", "{05760CFD-C3A8-41D5-B214-BFA2E046FCD0}"
EndProject
Project("{9A19103F-16F7-4668-BE54-9A1E7A4F7556}") = "Thinktecture.Threading.Tasks.Abstractions.Tests", "test\Thinktecture.Threading.Tasks.Abstractions.Tests\Thinktecture.Threading.Tasks.Abstractions.Tests.csproj", "{F98E34E4-2E3E-413D-8272-14921250C4F7}"
EndProject
Project("{FAE04EC0-301F-11D3-BF4B-00C04F79EFBC}") = "Thinktecture.IO.Abstractions.Tests", "test\Thinktecture.IO.Abstractions.Tests\Thinktecture.IO.Abstractions.Tests.csproj", "{2B46422A-03B3-4075-B755-895A4F252585}"
EndProject
Project("{FAE04EC0-301F-11D3-BF4B-00C04F79EFBC}") = "Thinktecture.Net.NetworkInformation.Abstractions.Tests", "test\Thinktecture.Net.NetworkInformation.Abstractions.Tests\Thinktecture.Net.NetworkInformation.Abstractions.Tests.csproj", "{07E501DE-C1FC-4B38-8D6A-6A42091589CF}"
EndProject
Project("{FAE04EC0-301F-11D3-BF4B-00C04F79EFBC}") = "Thinktecture.Net.Primitives.Abstractions.Tests", "test\Thinktecture.Net.Primitives.Abstractions.Tests\Thinktecture.Net.Primitives.Abstractions.Tests.csproj", "{15E24E06-47CB-4BDA-A97A-DB4D5B565F21}"
EndProject
Project("{FAE04EC0-301F-11D3-BF4B-00C04F79EFBC}") = "Thinktecture.Runtime.Abstractions.Tests", "test\Thinktecture.Runtime.Abstractions.Tests\Thinktecture.Runtime.Abstractions.Tests.csproj", "{7FB1AC3C-0A7B-4CE7-A4ED-0E67899B9428}"
EndProject
Project("{FAE04EC0-301F-11D3-BF4B-00C04F79EFBC}") = "Thinktecture.Text.Encoding.Abstractions.Tests", "test\Thinktecture.Text.Encoding.Abstractions.Tests\Thinktecture.Text.Encoding.Abstractions.Tests.csproj", "{BC4A0946-13F6-4F16-8AF8-91039E4485F8}"
EndProject
Global
	GlobalSection(SolutionConfigurationPlatforms) = preSolution
		Debug|Any CPU = Debug|Any CPU
		Release|Any CPU = Release|Any CPU
	EndGlobalSection
	GlobalSection(ProjectConfigurationPlatforms) = postSolution
		{D8B5876B-CFDB-47D4-A1DE-01E715D10871}.Debug|Any CPU.ActiveCfg = Debug|Any CPU
		{D8B5876B-CFDB-47D4-A1DE-01E715D10871}.Debug|Any CPU.Build.0 = Debug|Any CPU
		{D8B5876B-CFDB-47D4-A1DE-01E715D10871}.Release|Any CPU.ActiveCfg = Release|Any CPU
		{D8B5876B-CFDB-47D4-A1DE-01E715D10871}.Release|Any CPU.Build.0 = Release|Any CPU
		{02401651-C48A-4DEC-86E5-869C44D50FB6}.Debug|Any CPU.ActiveCfg = Debug|Any CPU
		{02401651-C48A-4DEC-86E5-869C44D50FB6}.Debug|Any CPU.Build.0 = Debug|Any CPU
		{02401651-C48A-4DEC-86E5-869C44D50FB6}.Release|Any CPU.ActiveCfg = Release|Any CPU
		{02401651-C48A-4DEC-86E5-869C44D50FB6}.Release|Any CPU.Build.0 = Release|Any CPU
		{52D30479-DFFE-4F95-A124-351BB07A78AA}.Debug|Any CPU.ActiveCfg = Debug|Any CPU
		{52D30479-DFFE-4F95-A124-351BB07A78AA}.Debug|Any CPU.Build.0 = Debug|Any CPU
		{52D30479-DFFE-4F95-A124-351BB07A78AA}.Release|Any CPU.ActiveCfg = Release|Any CPU
		{52D30479-DFFE-4F95-A124-351BB07A78AA}.Release|Any CPU.Build.0 = Release|Any CPU
		{8DA9B6E6-A52C-4C3F-BD70-66543DC28711}.Debug|Any CPU.ActiveCfg = Debug|Any CPU
		{8DA9B6E6-A52C-4C3F-BD70-66543DC28711}.Debug|Any CPU.Build.0 = Debug|Any CPU
		{8DA9B6E6-A52C-4C3F-BD70-66543DC28711}.Release|Any CPU.ActiveCfg = Release|Any CPU
		{8DA9B6E6-A52C-4C3F-BD70-66543DC28711}.Release|Any CPU.Build.0 = Release|Any CPU
		{7CAFD962-AA27-46D6-BAB3-FCCE4C213E57}.Debug|Any CPU.ActiveCfg = Debug|Any CPU
		{7CAFD962-AA27-46D6-BAB3-FCCE4C213E57}.Debug|Any CPU.Build.0 = Debug|Any CPU
		{7CAFD962-AA27-46D6-BAB3-FCCE4C213E57}.Release|Any CPU.ActiveCfg = Release|Any CPU
		{7CAFD962-AA27-46D6-BAB3-FCCE4C213E57}.Release|Any CPU.Build.0 = Release|Any CPU
		{827067F0-AC71-480D-8BA6-CC327F6C7DAB}.Debug|Any CPU.ActiveCfg = Debug|Any CPU
		{827067F0-AC71-480D-8BA6-CC327F6C7DAB}.Debug|Any CPU.Build.0 = Debug|Any CPU
		{827067F0-AC71-480D-8BA6-CC327F6C7DAB}.Release|Any CPU.ActiveCfg = Release|Any CPU
		{827067F0-AC71-480D-8BA6-CC327F6C7DAB}.Release|Any CPU.Build.0 = Release|Any CPU
		{2B0561FC-4688-4F8E-8A67-EE32251582A7}.Debug|Any CPU.ActiveCfg = Debug|Any CPU
		{2B0561FC-4688-4F8E-8A67-EE32251582A7}.Debug|Any CPU.Build.0 = Debug|Any CPU
		{2B0561FC-4688-4F8E-8A67-EE32251582A7}.Release|Any CPU.ActiveCfg = Release|Any CPU
		{2B0561FC-4688-4F8E-8A67-EE32251582A7}.Release|Any CPU.Build.0 = Release|Any CPU
		{D7BECCD3-E9EC-429D-9959-422B73646720}.Debug|Any CPU.ActiveCfg = Debug|Any CPU
		{D7BECCD3-E9EC-429D-9959-422B73646720}.Debug|Any CPU.Build.0 = Debug|Any CPU
		{D7BECCD3-E9EC-429D-9959-422B73646720}.Release|Any CPU.ActiveCfg = Release|Any CPU
		{D7BECCD3-E9EC-429D-9959-422B73646720}.Release|Any CPU.Build.0 = Release|Any CPU
		{4D46A696-6618-476E-B80D-463F22264BA3}.Debug|Any CPU.ActiveCfg = Debug|Any CPU
		{4D46A696-6618-476E-B80D-463F22264BA3}.Debug|Any CPU.Build.0 = Debug|Any CPU
		{4D46A696-6618-476E-B80D-463F22264BA3}.Release|Any CPU.ActiveCfg = Release|Any CPU
		{4D46A696-6618-476E-B80D-463F22264BA3}.Release|Any CPU.Build.0 = Release|Any CPU
		{1CC7051D-6754-4A47-A334-ACF015F5B4C9}.Debug|Any CPU.ActiveCfg = Debug|Any CPU
		{1CC7051D-6754-4A47-A334-ACF015F5B4C9}.Debug|Any CPU.Build.0 = Debug|Any CPU
		{1CC7051D-6754-4A47-A334-ACF015F5B4C9}.Release|Any CPU.ActiveCfg = Release|Any CPU
		{1CC7051D-6754-4A47-A334-ACF015F5B4C9}.Release|Any CPU.Build.0 = Release|Any CPU
		{35DA5ACA-3A2D-4792-85BB-B61EEC6CA0A2}.Debug|Any CPU.ActiveCfg = Debug|Any CPU
		{35DA5ACA-3A2D-4792-85BB-B61EEC6CA0A2}.Debug|Any CPU.Build.0 = Debug|Any CPU
		{35DA5ACA-3A2D-4792-85BB-B61EEC6CA0A2}.Release|Any CPU.ActiveCfg = Release|Any CPU
		{35DA5ACA-3A2D-4792-85BB-B61EEC6CA0A2}.Release|Any CPU.Build.0 = Release|Any CPU
		{751EE0A0-51FF-4D8E-86D8-F223904E814F}.Debug|Any CPU.ActiveCfg = Debug|Any CPU
		{751EE0A0-51FF-4D8E-86D8-F223904E814F}.Debug|Any CPU.Build.0 = Debug|Any CPU
		{751EE0A0-51FF-4D8E-86D8-F223904E814F}.Release|Any CPU.ActiveCfg = Release|Any CPU
		{751EE0A0-51FF-4D8E-86D8-F223904E814F}.Release|Any CPU.Build.0 = Release|Any CPU
		{A7907887-601D-4B1D-9484-099F39C0FCEB}.Debug|Any CPU.ActiveCfg = Debug|Any CPU
		{A7907887-601D-4B1D-9484-099F39C0FCEB}.Debug|Any CPU.Build.0 = Debug|Any CPU
		{A7907887-601D-4B1D-9484-099F39C0FCEB}.Release|Any CPU.ActiveCfg = Release|Any CPU
		{A7907887-601D-4B1D-9484-099F39C0FCEB}.Release|Any CPU.Build.0 = Release|Any CPU
		{F927011A-CED0-4E14-82B5-789BEB1A044F}.Debug|Any CPU.ActiveCfg = Debug|Any CPU
		{F927011A-CED0-4E14-82B5-789BEB1A044F}.Debug|Any CPU.Build.0 = Debug|Any CPU
		{F927011A-CED0-4E14-82B5-789BEB1A044F}.Release|Any CPU.ActiveCfg = Release|Any CPU
		{F927011A-CED0-4E14-82B5-789BEB1A044F}.Release|Any CPU.Build.0 = Release|Any CPU
		{0A81E014-DC74-43B5-9D59-7AADFA25E628}.Debug|Any CPU.ActiveCfg = Debug|Any CPU
		{0A81E014-DC74-43B5-9D59-7AADFA25E628}.Debug|Any CPU.Build.0 = Debug|Any CPU
		{0A81E014-DC74-43B5-9D59-7AADFA25E628}.Release|Any CPU.ActiveCfg = Release|Any CPU
		{0A81E014-DC74-43B5-9D59-7AADFA25E628}.Release|Any CPU.Build.0 = Release|Any CPU
		{DED0DF5D-025D-42C6-BA1F-2FAD7A3C4D18}.Debug|Any CPU.ActiveCfg = Debug|Any CPU
		{DED0DF5D-025D-42C6-BA1F-2FAD7A3C4D18}.Debug|Any CPU.Build.0 = Debug|Any CPU
		{DED0DF5D-025D-42C6-BA1F-2FAD7A3C4D18}.Release|Any CPU.ActiveCfg = Release|Any CPU
		{DED0DF5D-025D-42C6-BA1F-2FAD7A3C4D18}.Release|Any CPU.Build.0 = Release|Any CPU
		{05760CFD-C3A8-41D5-B214-BFA2E046FCD0}.Debug|Any CPU.ActiveCfg = Debug|Any CPU
		{05760CFD-C3A8-41D5-B214-BFA2E046FCD0}.Debug|Any CPU.Build.0 = Debug|Any CPU
		{05760CFD-C3A8-41D5-B214-BFA2E046FCD0}.Release|Any CPU.ActiveCfg = Release|Any CPU
		{05760CFD-C3A8-41D5-B214-BFA2E046FCD0}.Release|Any CPU.Build.0 = Release|Any CPU
		{F98E34E4-2E3E-413D-8272-14921250C4F7}.Debug|Any CPU.ActiveCfg = Debug|Any CPU
		{F98E34E4-2E3E-413D-8272-14921250C4F7}.Debug|Any CPU.Build.0 = Debug|Any CPU
		{F98E34E4-2E3E-413D-8272-14921250C4F7}.Release|Any CPU.ActiveCfg = Release|Any CPU
		{F98E34E4-2E3E-413D-8272-14921250C4F7}.Release|Any CPU.Build.0 = Release|Any CPU
		{2B46422A-03B3-4075-B755-895A4F252585}.Debug|Any CPU.ActiveCfg = Debug|Any CPU
		{2B46422A-03B3-4075-B755-895A4F252585}.Debug|Any CPU.Build.0 = Debug|Any CPU
		{2B46422A-03B3-4075-B755-895A4F252585}.Release|Any CPU.ActiveCfg = Release|Any CPU
		{2B46422A-03B3-4075-B755-895A4F252585}.Release|Any CPU.Build.0 = Release|Any CPU
		{07E501DE-C1FC-4B38-8D6A-6A42091589CF}.Debug|Any CPU.ActiveCfg = Debug|Any CPU
		{07E501DE-C1FC-4B38-8D6A-6A42091589CF}.Debug|Any CPU.Build.0 = Debug|Any CPU
		{07E501DE-C1FC-4B38-8D6A-6A42091589CF}.Release|Any CPU.ActiveCfg = Release|Any CPU
		{07E501DE-C1FC-4B38-8D6A-6A42091589CF}.Release|Any CPU.Build.0 = Release|Any CPU
		{15E24E06-47CB-4BDA-A97A-DB4D5B565F21}.Debug|Any CPU.ActiveCfg = Debug|Any CPU
		{15E24E06-47CB-4BDA-A97A-DB4D5B565F21}.Debug|Any CPU.Build.0 = Debug|Any CPU
		{15E24E06-47CB-4BDA-A97A-DB4D5B565F21}.Release|Any CPU.ActiveCfg = Release|Any CPU
		{15E24E06-47CB-4BDA-A97A-DB4D5B565F21}.Release|Any CPU.Build.0 = Release|Any CPU
		{7FB1AC3C-0A7B-4CE7-A4ED-0E67899B9428}.Debug|Any CPU.ActiveCfg = Debug|Any CPU
		{7FB1AC3C-0A7B-4CE7-A4ED-0E67899B9428}.Debug|Any CPU.Build.0 = Debug|Any CPU
		{7FB1AC3C-0A7B-4CE7-A4ED-0E67899B9428}.Release|Any CPU.ActiveCfg = Release|Any CPU
		{7FB1AC3C-0A7B-4CE7-A4ED-0E67899B9428}.Release|Any CPU.Build.0 = Release|Any CPU
		{BC4A0946-13F6-4F16-8AF8-91039E4485F8}.Debug|Any CPU.ActiveCfg = Debug|Any CPU
		{BC4A0946-13F6-4F16-8AF8-91039E4485F8}.Debug|Any CPU.Build.0 = Debug|Any CPU
		{BC4A0946-13F6-4F16-8AF8-91039E4485F8}.Release|Any CPU.ActiveCfg = Release|Any CPU
		{BC4A0946-13F6-4F16-8AF8-91039E4485F8}.Release|Any CPU.Build.0 = Release|Any CPU
	EndGlobalSection
	GlobalSection(SolutionProperties) = preSolution
		HideSolutionNode = FALSE
	EndGlobalSection
	GlobalSection(NestedProjects) = preSolution
		{D8B5876B-CFDB-47D4-A1DE-01E715D10871} = {4860E453-E56B-4BED-BA8A-DDFA89A19B0D}
		{02401651-C48A-4DEC-86E5-869C44D50FB6} = {4860E453-E56B-4BED-BA8A-DDFA89A19B0D}
		{52D30479-DFFE-4F95-A124-351BB07A78AA} = {4860E453-E56B-4BED-BA8A-DDFA89A19B0D}
		{8DA9B6E6-A52C-4C3F-BD70-66543DC28711} = {4860E453-E56B-4BED-BA8A-DDFA89A19B0D}
		{7CAFD962-AA27-46D6-BAB3-FCCE4C213E57} = {4860E453-E56B-4BED-BA8A-DDFA89A19B0D}
		{827067F0-AC71-480D-8BA6-CC327F6C7DAB} = {4860E453-E56B-4BED-BA8A-DDFA89A19B0D}
		{2B0561FC-4688-4F8E-8A67-EE32251582A7} = {4860E453-E56B-4BED-BA8A-DDFA89A19B0D}
		{D7BECCD3-E9EC-429D-9959-422B73646720} = {F2F0BF55-C0C6-4325-98EB-CEC4E4A5EBC6}
		{4D46A696-6618-476E-B80D-463F22264BA3} = {C095C061-B87D-4C07-93E7-8CA0217ED68F}
		{1CC7051D-6754-4A47-A334-ACF015F5B4C9} = {4860E453-E56B-4BED-BA8A-DDFA89A19B0D}
		{35DA5ACA-3A2D-4792-85BB-B61EEC6CA0A2} = {4860E453-E56B-4BED-BA8A-DDFA89A19B0D}
		{751EE0A0-51FF-4D8E-86D8-F223904E814F} = {4860E453-E56B-4BED-BA8A-DDFA89A19B0D}
		{A7907887-601D-4B1D-9484-099F39C0FCEB} = {4860E453-E56B-4BED-BA8A-DDFA89A19B0D}
		{F927011A-CED0-4E14-82B5-789BEB1A044F} = {4860E453-E56B-4BED-BA8A-DDFA89A19B0D}
		{0A81E014-DC74-43B5-9D59-7AADFA25E628} = {F2F0BF55-C0C6-4325-98EB-CEC4E4A5EBC6}
		{DED0DF5D-025D-42C6-BA1F-2FAD7A3C4D18} = {F2F0BF55-C0C6-4325-98EB-CEC4E4A5EBC6}
		{05760CFD-C3A8-41D5-B214-BFA2E046FCD0} = {4860E453-E56B-4BED-BA8A-DDFA89A19B0D}
		{F98E34E4-2E3E-413D-8272-14921250C4F7} = {C095C061-B87D-4C07-93E7-8CA0217ED68F}
		{2B46422A-03B3-4075-B755-895A4F252585} = {C095C061-B87D-4C07-93E7-8CA0217ED68F}
		{07E501DE-C1FC-4B38-8D6A-6A42091589CF} = {C095C061-B87D-4C07-93E7-8CA0217ED68F}
		{15E24E06-47CB-4BDA-A97A-DB4D5B565F21} = {C095C061-B87D-4C07-93E7-8CA0217ED68F}
		{7FB1AC3C-0A7B-4CE7-A4ED-0E67899B9428} = {C095C061-B87D-4C07-93E7-8CA0217ED68F}
		{BC4A0946-13F6-4F16-8AF8-91039E4485F8} = {C095C061-B87D-4C07-93E7-8CA0217ED68F}
	EndGlobalSection
	GlobalSection(ExtensibilityGlobals) = postSolution
		SolutionGuid = {0B2E59FD-B86D-4BF3-9FAF-64EBC004FCDA}
	EndGlobalSection
EndGlobal
