
Microsoft Visual Studio Solution File, Format Version 12.00
# Visual Studio 14
VisualStudioVersion = 14.0.25420.1
MinimumVisualStudioVersion = 10.0.40219.1
Project("{2150E333-8FDC-42A3-9474-1A3956D46DE8}") = "src", "src", "{4860E453-E56B-4BED-BA8A-DDFA89A19B0D}"
EndProject
Project("{2150E333-8FDC-42A3-9474-1A3956D46DE8}") = "Solution Items", "Solution Items", "{3891EBEC-9FFC-45C2-A970-6D39415969BE}"
	ProjectSection(SolutionItems) = preProject
		global.json = global.json
	EndProjectSection
EndProject
Project("{8BB2217D-0F2D-49D1-97BC-3654ED321F3B}") = "Thinktecture.IO.FileSystem.Abstractions", "src\Thinktecture.IO.FileSystem.Abstractions\Thinktecture.IO.FileSystem.Abstractions.xproj", "{D8B5876B-CFDB-47D4-A1DE-01E715D10871}"
EndProject
Project("{8BB2217D-0F2D-49D1-97BC-3654ED321F3B}") = "Thinktecture.IO.Abstractions", "src\Thinktecture.IO.Abstractions\Thinktecture.IO.Abstractions.xproj", "{02401651-C48A-4DEC-86E5-869C44D50FB6}"
EndProject
Project("{8BB2217D-0F2D-49D1-97BC-3654ED321F3B}") = "Thinktecture.Runtime.Handles.Abstractions", "src\Thinktecture.Runtime.Handles.Abstractions\Thinktecture.Runtime.Handles.Abstractions.xproj", "{52D30479-DFFE-4F95-A124-351BB07A78AA}"
EndProject
Global
	GlobalSection(SolutionConfigurationPlatforms) = preSolution
		Debug|Any CPU = Debug|Any CPU
		Release|Any CPU = Release|Any CPU
	EndGlobalSection
	GlobalSection(ProjectConfigurationPlatforms) = postSolution
		{D8B5876B-CFDB-47D4-A1DE-01E715D10871}.Debug|Any CPU.ActiveCfg = Debug|Any CPU
		{D8B5876B-CFDB-47D4-A1DE-01E715D10871}.Debug|Any CPU.Build.0 = Debug|Any CPU
		{D8B5876B-CFDB-47D4-A1DE-01E715D10871}.Release|Any CPU.ActiveCfg = Release|Any CPU
		{D8B5876B-CFDB-47D4-A1DE-01E715D10871}.Release|Any CPU.Build.0 = Release|Any CPU
		{02401651-C48A-4DEC-86E5-869C44D50FB6}.Debug|Any CPU.ActiveCfg = Debug|Any CPU
		{02401651-C48A-4DEC-86E5-869C44D50FB6}.Debug|Any CPU.Build.0 = Debug|Any CPU
		{02401651-C48A-4DEC-86E5-869C44D50FB6}.Release|Any CPU.ActiveCfg = Release|Any CPU
		{02401651-C48A-4DEC-86E5-869C44D50FB6}.Release|Any CPU.Build.0 = Release|Any CPU
		{52D30479-DFFE-4F95-A124-351BB07A78AA}.Debug|Any CPU.ActiveCfg = Debug|Any CPU
		{52D30479-DFFE-4F95-A124-351BB07A78AA}.Debug|Any CPU.Build.0 = Debug|Any CPU
		{52D30479-DFFE-4F95-A124-351BB07A78AA}.Release|Any CPU.ActiveCfg = Release|Any CPU
		{52D30479-DFFE-4F95-A124-351BB07A78AA}.Release|Any CPU.Build.0 = Release|Any CPU
	EndGlobalSection
	GlobalSection(SolutionProperties) = preSolution
		HideSolutionNode = FALSE
	EndGlobalSection
	GlobalSection(NestedProjects) = preSolution
		{D8B5876B-CFDB-47D4-A1DE-01E715D10871} = {4860E453-E56B-4BED-BA8A-DDFA89A19B0D}
		{02401651-C48A-4DEC-86E5-869C44D50FB6} = {4860E453-E56B-4BED-BA8A-DDFA89A19B0D}
		{52D30479-DFFE-4F95-A124-351BB07A78AA} = {4860E453-E56B-4BED-BA8A-DDFA89A19B0D}
	EndGlobalSection
EndGlobal
